
Microsoft Visual Studio Solution File, Format Version 12.00
# Visual Studio 15
VisualStudioVersion = 15.0.28010.2026
MinimumVisualStudioVersion = 10.0.40219.1
Project("{FAE04EC0-301F-11D3-BF4B-00C04F79EFBC}") = "git1", "git1\git1.csproj", "{FEACADD7-D2F5-4E44-A149-63CF2164645D}"
EndProject
Global
	GlobalSection(SolutionConfigurationPlatforms) = preSolution
		Debug|Any CPU = Debug|Any CPU
		Release|Any CPU = Release|Any CPU
	EndGlobalSection
	GlobalSection(ProjectConfigurationPlatforms) = postSolution
		{FEACADD7-D2F5-4E44-A149-63CF2164645D}.Debug|Any CPU.ActiveCfg = Debug|Any CPU
		{FEACADD7-D2F5-4E44-A149-63CF2164645D}.Debug|Any CPU.Build.0 = Debug|Any CPU
		{FEACADD7-D2F5-4E44-A149-63CF2164645D}.Release|Any CPU.ActiveCfg = Release|Any CPU
		{FEACADD7-D2F5-4E44-A149-63CF2164645D}.Release|Any CPU.Build.0 = Release|Any CPU
	EndGlobalSection
	GlobalSection(SolutionProperties) = preSolution
		HideSolutionNode = FALSE
	EndGlobalSection
	GlobalSection(ExtensibilityGlobals) = postSolution
		SolutionGuid = {A4B2BC20-4989-431B-8CCB-6ACD210C35B9}
	EndGlobalSection
EndGlobal
